# This file was autogenerated by Stack.
# You should not edit this file by hand.
# For more information, please see the documentation at:
#   https://docs.haskellstack.org/en/stable/topics/lock_files

packages: []
snapshots:
- completed:
    sha256: 3e6619d3f27b83574971748b572d4a344ad4df031de0290c0160abdc599cd36a
    size: 658343
    url: https://raw.githubusercontent.com/commercialhaskell/stackage-snapshots/master/nightly/2025/3/14.yaml
  original: nightly-2025-03-14
